// !$*UTF8*$!
{
	archiveVersion = 1;
	classes = {
	};
	objectVersion = 56;
	objects = {

/* Begin PBXBuildFile section */
		BA4AB34F2A5A7D260065E872 /* AppDelegate.swift in Sources */ = {isa = PBXBuildFile; fileRef = BA4AB34E2A5A7D260065E872 /* AppDelegate.swift */; };
		BA4AB3512A5A7D260065E872 /* SceneDelegate.swift in Sources */ = {isa = PBXBuildFile; fileRef = BA4AB3502A5A7D260065E872 /* SceneDelegate.swift */; };
		BA4AB3532A5A7D260065E872 /* HomeViewController.swift in Sources */ = {isa = PBXBuildFile; fileRef = BA4AB3522A5A7D260065E872 /* HomeViewController.swift */; };
		BA4AB3582A5A7D270065E872 /* Assets.xcassets in Resources */ = {isa = PBXBuildFile; fileRef = BA4AB3572A5A7D270065E872 /* Assets.xcassets */; };
		BA4AB35B2A5A7D270065E872 /* LaunchScreen.storyboard in Resources */ = {isa = PBXBuildFile; fileRef = BA4AB3592A5A7D270065E872 /* LaunchScreen.storyboard */; };
		BAD41AC42A6A63CC0008BAED /* Extension+UIView.swift in Sources */ = {isa = PBXBuildFile; fileRef = BAD41AC32A6A63CC0008BAED /* Extension+UIView.swift */; };
		BADAEB412A5A81F700E21274 /* TabBarViewController.swift in Sources */ = {isa = PBXBuildFile; fileRef = BADAEB402A5A81F700E21274 /* TabBarViewController.swift */; };
		BADAEB432A5A827400E21274 /* SearchViewController.swift in Sources */ = {isa = PBXBuildFile; fileRef = BADAEB422A5A827400E21274 /* SearchViewController.swift */; };
		BADAEB452A5A829800E21274 /* LibraryViewController.swift in Sources */ = {isa = PBXBuildFile; fileRef = BADAEB442A5A829800E21274 /* LibraryViewController.swift */; };
		BADAEB492A5A84F800E21274 /* AuthViewController.swift in Sources */ = {isa = PBXBuildFile; fileRef = BADAEB482A5A84F800E21274 /* AuthViewController.swift */; };
		BADAEB4B2A5A851600E21274 /* WelcomeViewController.swift in Sources */ = {isa = PBXBuildFile; fileRef = BADAEB4A2A5A851600E21274 /* WelcomeViewController.swift */; };
		BADAEB4D2A5A853400E21274 /* SettingsViewController.swift in Sources */ = {isa = PBXBuildFile; fileRef = BADAEB4C2A5A853400E21274 /* SettingsViewController.swift */; };
		BADAEB4F2A5A854D00E21274 /* ProfileViewController.swift in Sources */ = {isa = PBXBuildFile; fileRef = BADAEB4E2A5A854D00E21274 /* ProfileViewController.swift */; };
		BADAEB512A5A856000E21274 /* PlayerViewController.swift in Sources */ = {isa = PBXBuildFile; fileRef = BADAEB502A5A856000E21274 /* PlayerViewController.swift */; };
		BADAEB532A5A857900E21274 /* PlaylistViewController.swift in Sources */ = {isa = PBXBuildFile; fileRef = BADAEB522A5A857900E21274 /* PlaylistViewController.swift */; };
		BADAEB552A5A859E00E21274 /* SearchResultViewController.swift in Sources */ = {isa = PBXBuildFile; fileRef = BADAEB542A5A859E00E21274 /* SearchResultViewController.swift */; };
		BADAEB572A5A894C00E21274 /* AuthManager.swift in Sources */ = {isa = PBXBuildFile; fileRef = BADAEB562A5A894C00E21274 /* AuthManager.swift */; };
		BADAEB592A5A896300E21274 /* APICaller.swift in Sources */ = {isa = PBXBuildFile; fileRef = BADAEB582A5A896300E21274 /* APICaller.swift */; };
		BADAEB5B2A5A897F00E21274 /* HapticsManager.swift in Sources */ = {isa = PBXBuildFile; fileRef = BADAEB5A2A5A897F00E21274 /* HapticsManager.swift */; };
		BADAEB5D2A5A8B4F00E21274 /* Playlist.swift in Sources */ = {isa = PBXBuildFile; fileRef = BADAEB5C2A5A8B4F00E21274 /* Playlist.swift */; };
		BADAEB5F2A5A8B6900E21274 /* AudioTrack.swift in Sources */ = {isa = PBXBuildFile; fileRef = BADAEB5E2A5A8B6900E21274 /* AudioTrack.swift */; };
		BADAEB612A5A8B8000E21274 /* Artist.swift in Sources */ = {isa = PBXBuildFile; fileRef = BADAEB602A5A8B8000E21274 /* Artist.swift */; };
		BADAEB632A5A8B9600E21274 /* UserProfile.swift in Sources */ = {isa = PBXBuildFile; fileRef = BADAEB622A5A8B9600E21274 /* UserProfile.swift */; };
		CD0CC6C32AC8D90100E6FDB9 /* Urls.swift in Sources */ = {isa = PBXBuildFile; fileRef = CD0CC6C22AC8D90100E6FDB9 /* Urls.swift */; };
		CD0CC6C82AC8FB9F00E6FDB9 /* SpotifyiOS in Frameworks */ = {isa = PBXBuildFile; productRef = CD0CC6C72AC8FB9F00E6FDB9 /* SpotifyiOS */; };
		CD0CC6CB2AC957E300E6FDB9 /* AuthResponse.swift in Sources */ = {isa = PBXBuildFile; fileRef = CD0CC6CA2AC957E300E6FDB9 /* AuthResponse.swift */; };
		CD25E5872ACB8829004F4C99 /* HTTPMethods.swift in Sources */ = {isa = PBXBuildFile; fileRef = CD25E5862ACB8829004F4C99 /* HTTPMethods.swift */; };
		CD25E5892ACB8BA5004F4C99 /* BodyParameters.swift in Sources */ = {isa = PBXBuildFile; fileRef = CD25E5882ACB8BA5004F4C99 /* BodyParameters.swift */; };
		CD71FB152AC7DE530059D625 /* BaseEnvironment.swift in Sources */ = {isa = PBXBuildFile; fileRef = CD71FB142AC7DE530059D625 /* BaseEnvironment.swift */; };
		CD71FB172AC7DFDE0059D625 /* PROD-API-TOKEN.plist in Resources */ = {isa = PBXBuildFile; fileRef = CD71FB162AC7DFDE0059D625 /* PROD-API-TOKEN.plist */; };
		CD71FB192AC7DFFB0059D625 /* DEBUG-API-TOKEN.plist in Resources */ = {isa = PBXBuildFile; fileRef = CD71FB182AC7DFFB0059D625 /* DEBUG-API-TOKEN.plist */; };
		CD71FB1C2AC7E1E40059D625 /* APIEnviroments.swift in Sources */ = {isa = PBXBuildFile; fileRef = CD71FB1B2AC7E1E40059D625 /* APIEnviroments.swift */; };
		CD71FB1E2AC7E54B0059D625 /* Bundle+.swift in Sources */ = {isa = PBXBuildFile; fileRef = CD71FB1D2AC7E54B0059D625 /* Bundle+.swift */; };
		CD71FB222AC809870059D625 /* APIKeyable.swift in Sources */ = {isa = PBXBuildFile; fileRef = CD71FB212AC809870059D625 /* APIKeyable.swift */; };
		CD71FB242AC80A070059D625 /* DebugEnviroment.swift in Sources */ = {isa = PBXBuildFile; fileRef = CD71FB232AC80A070059D625 /* DebugEnviroment.swift */; };
		CD71FB262AC80C2F0059D625 /* APIKeys.swift in Sources */ = {isa = PBXBuildFile; fileRef = CD71FB252AC80C2F0059D625 /* APIKeys.swift */; };
		CD71FB282AC80E720059D625 /* ProduceEnviroment.swift in Sources */ = {isa = PBXBuildFile; fileRef = CD71FB272AC80E720059D625 /* ProduceEnviroment.swift */; };
/* End PBXBuildFile section */

/* Begin PBXFileReference section */
		BA4AB34B2A5A7D260065E872 /* Spotify_Kobe.app */ = {isa = PBXFileReference; explicitFileType = wrapper.application; includeInIndex = 0; path = Spotify_Kobe.app; sourceTree = BUILT_PRODUCTS_DIR; };
		BA4AB34E2A5A7D260065E872 /* AppDelegate.swift */ = {isa = PBXFileReference; lastKnownFileType = sourcecode.swift; path = AppDelegate.swift; sourceTree = "<group>"; };
		BA4AB3502A5A7D260065E872 /* SceneDelegate.swift */ = {isa = PBXFileReference; lastKnownFileType = sourcecode.swift; path = SceneDelegate.swift; sourceTree = "<group>"; };
		BA4AB3522A5A7D260065E872 /* HomeViewController.swift */ = {isa = PBXFileReference; lastKnownFileType = sourcecode.swift; path = HomeViewController.swift; sourceTree = "<group>"; };
		BA4AB3572A5A7D270065E872 /* Assets.xcassets */ = {isa = PBXFileReference; lastKnownFileType = folder.assetcatalog; path = Assets.xcassets; sourceTree = "<group>"; };
		BA4AB35A2A5A7D270065E872 /* Base */ = {isa = PBXFileReference; lastKnownFileType = file.storyboard; name = Base; path = Base.lproj/LaunchScreen.storyboard; sourceTree = "<group>"; };
		BA4AB35C2A5A7D270065E872 /* Info.plist */ = {isa = PBXFileReference; lastKnownFileType = text.plist.xml; path = Info.plist; sourceTree = "<group>"; };
		BAD41AC32A6A63CC0008BAED /* Extension+UIView.swift */ = {isa = PBXFileReference; lastKnownFileType = sourcecode.swift; path = "Extension+UIView.swift"; sourceTree = "<group>"; };
		BADAEB402A5A81F700E21274 /* TabBarViewController.swift */ = {isa = PBXFileReference; lastKnownFileType = sourcecode.swift; path = TabBarViewController.swift; sourceTree = "<group>"; };
		BADAEB422A5A827400E21274 /* SearchViewController.swift */ = {isa = PBXFileReference; lastKnownFileType = sourcecode.swift; path = SearchViewController.swift; sourceTree = "<group>"; };
		BADAEB442A5A829800E21274 /* LibraryViewController.swift */ = {isa = PBXFileReference; lastKnownFileType = sourcecode.swift; path = LibraryViewController.swift; sourceTree = "<group>"; };
		BADAEB482A5A84F800E21274 /* AuthViewController.swift */ = {isa = PBXFileReference; lastKnownFileType = sourcecode.swift; path = AuthViewController.swift; sourceTree = "<group>"; };
		BADAEB4A2A5A851600E21274 /* WelcomeViewController.swift */ = {isa = PBXFileReference; lastKnownFileType = sourcecode.swift; path = WelcomeViewController.swift; sourceTree = "<group>"; };
		BADAEB4C2A5A853400E21274 /* SettingsViewController.swift */ = {isa = PBXFileReference; lastKnownFileType = sourcecode.swift; path = SettingsViewController.swift; sourceTree = "<group>"; };
		BADAEB4E2A5A854D00E21274 /* ProfileViewController.swift */ = {isa = PBXFileReference; lastKnownFileType = sourcecode.swift; path = ProfileViewController.swift; sourceTree = "<group>"; };
		BADAEB502A5A856000E21274 /* PlayerViewController.swift */ = {isa = PBXFileReference; lastKnownFileType = sourcecode.swift; path = PlayerViewController.swift; sourceTree = "<group>"; };
		BADAEB522A5A857900E21274 /* PlaylistViewController.swift */ = {isa = PBXFileReference; lastKnownFileType = sourcecode.swift; path = PlaylistViewController.swift; sourceTree = "<group>"; };
		BADAEB542A5A859E00E21274 /* SearchResultViewController.swift */ = {isa = PBXFileReference; lastKnownFileType = sourcecode.swift; path = SearchResultViewController.swift; sourceTree = "<group>"; };
		BADAEB562A5A894C00E21274 /* AuthManager.swift */ = {isa = PBXFileReference; lastKnownFileType = sourcecode.swift; path = AuthManager.swift; sourceTree = "<group>"; };
		BADAEB582A5A896300E21274 /* APICaller.swift */ = {isa = PBXFileReference; lastKnownFileType = sourcecode.swift; path = APICaller.swift; sourceTree = "<group>"; };
		BADAEB5A2A5A897F00E21274 /* HapticsManager.swift */ = {isa = PBXFileReference; lastKnownFileType = sourcecode.swift; path = HapticsManager.swift; sourceTree = "<group>"; };
		BADAEB5C2A5A8B4F00E21274 /* Playlist.swift */ = {isa = PBXFileReference; lastKnownFileType = sourcecode.swift; path = Playlist.swift; sourceTree = "<group>"; };
		BADAEB5E2A5A8B6900E21274 /* AudioTrack.swift */ = {isa = PBXFileReference; lastKnownFileType = sourcecode.swift; path = AudioTrack.swift; sourceTree = "<group>"; };
		BADAEB602A5A8B8000E21274 /* Artist.swift */ = {isa = PBXFileReference; lastKnownFileType = sourcecode.swift; path = Artist.swift; sourceTree = "<group>"; };
		BADAEB622A5A8B9600E21274 /* UserProfile.swift */ = {isa = PBXFileReference; lastKnownFileType = sourcecode.swift; path = UserProfile.swift; sourceTree = "<group>"; };
		CD0CC6C22AC8D90100E6FDB9 /* Urls.swift */ = {isa = PBXFileReference; lastKnownFileType = sourcecode.swift; path = Urls.swift; sourceTree = "<group>"; };
		CD0CC6CA2AC957E300E6FDB9 /* AuthResponse.swift */ = {isa = PBXFileReference; lastKnownFileType = sourcecode.swift; path = AuthResponse.swift; sourceTree = "<group>"; };
		CD25E5862ACB8829004F4C99 /* HTTPMethods.swift */ = {isa = PBXFileReference; lastKnownFileType = sourcecode.swift; path = HTTPMethods.swift; sourceTree = "<group>"; };
		CD25E5882ACB8BA5004F4C99 /* BodyParameters.swift */ = {isa = PBXFileReference; lastKnownFileType = sourcecode.swift; path = BodyParameters.swift; sourceTree = "<group>"; };
		CD71FB142AC7DE530059D625 /* BaseEnvironment.swift */ = {isa = PBXFileReference; lastKnownFileType = sourcecode.swift; path = BaseEnvironment.swift; sourceTree = "<group>"; };
		CD71FB162AC7DFDE0059D625 /* PROD-API-TOKEN.plist */ = {isa = PBXFileReference; lastKnownFileType = text.plist.xml; path = "PROD-API-TOKEN.plist"; sourceTree = "<group>"; };
		CD71FB182AC7DFFB0059D625 /* DEBUG-API-TOKEN.plist */ = {isa = PBXFileReference; lastKnownFileType = text.plist.xml; path = "DEBUG-API-TOKEN.plist"; sourceTree = "<group>"; };
		CD71FB1B2AC7E1E40059D625 /* APIEnviroments.swift */ = {isa = PBXFileReference; lastKnownFileType = sourcecode.swift; path = APIEnviroments.swift; sourceTree = "<group>"; };
		CD71FB1D2AC7E54B0059D625 /* Bundle+.swift */ = {isa = PBXFileReference; lastKnownFileType = sourcecode.swift; path = "Bundle+.swift"; sourceTree = "<group>"; };
		CD71FB212AC809870059D625 /* APIKeyable.swift */ = {isa = PBXFileReference; lastKnownFileType = sourcecode.swift; path = APIKeyable.swift; sourceTree = "<group>"; };
		CD71FB232AC80A070059D625 /* DebugEnviroment.swift */ = {isa = PBXFileReference; lastKnownFileType = sourcecode.swift; path = DebugEnviroment.swift; sourceTree = "<group>"; };
		CD71FB252AC80C2F0059D625 /* APIKeys.swift */ = {isa = PBXFileReference; lastKnownFileType = sourcecode.swift; path = APIKeys.swift; sourceTree = "<group>"; };
		CD71FB272AC80E720059D625 /* ProduceEnviroment.swift */ = {isa = PBXFileReference; lastKnownFileType = sourcecode.swift; path = ProduceEnviroment.swift; sourceTree = "<group>"; };
/* End PBXFileReference section */

/* Begin PBXFrameworksBuildPhase section */
		BA4AB3482A5A7D260065E872 /* Frameworks */ = {
			isa = PBXFrameworksBuildPhase;
			buildActionMask = 2147483647;
			files = (
				CD0CC6C82AC8FB9F00E6FDB9 /* SpotifyiOS in Frameworks */,
			);
			runOnlyForDeploymentPostprocessing = 0;
		};
/* End PBXFrameworksBuildPhase section */

/* Begin PBXGroup section */
		BA4AB3422A5A7D260065E872 = {
			isa = PBXGroup;
			children = (
				BA4AB34D2A5A7D260065E872 /* Spotify_Kobe */,
				BA4AB34C2A5A7D260065E872 /* Products */,
			);
			sourceTree = "<group>";
		};
		BA4AB34C2A5A7D260065E872 /* Products */ = {
			isa = PBXGroup;
			children = (
				BA4AB34B2A5A7D260065E872 /* Spotify_Kobe.app */,
			);
			name = Products;
			sourceTree = "<group>";
		};
		BA4AB34D2A5A7D260065E872 /* Spotify_Kobe */ = {
			isa = PBXGroup;
			children = (
				BA4AB3672A5A7DE40065E872 /* Resources */,
				BA4AB3662A5A7DDC0065E872 /* Managers */,
				BA4AB3652A5A7DD40065E872 /* ViewModels */,
				BA4AB3642A5A7DCC0065E872 /* Models */,
				BA4AB3632A5A7DC10065E872 /* Views */,
				BA4AB3622A5A7DB80065E872 /* Controllers */,
				BA4AB35C2A5A7D270065E872 /* Info.plist */,
				CD71FB162AC7DFDE0059D625 /* PROD-API-TOKEN.plist */,
				CD71FB182AC7DFFB0059D625 /* DEBUG-API-TOKEN.plist */,
			);
			path = Spotify_Kobe;
			sourceTree = "<group>";
		};
		BA4AB3622A5A7DB80065E872 /* Controllers */ = {
			isa = PBXGroup;
			children = (
				BADAEB472A5A84DE00E21274 /* Other */,
				BADAEB462A5A82C100E21274 /* Core */,
			);
			path = Controllers;
			sourceTree = "<group>";
		};
		BA4AB3632A5A7DC10065E872 /* Views */ = {
			isa = PBXGroup;
			children = (
				BA4AB3592A5A7D270065E872 /* LaunchScreen.storyboard */,
			);
			path = Views;
			sourceTree = "<group>";
		};
		BA4AB3642A5A7DCC0065E872 /* Models */ = {
			isa = PBXGroup;
			children = (
				BADAEB5C2A5A8B4F00E21274 /* Playlist.swift */,
				BADAEB5E2A5A8B6900E21274 /* AudioTrack.swift */,
				BADAEB602A5A8B8000E21274 /* Artist.swift */,
				BADAEB622A5A8B9600E21274 /* UserProfile.swift */,
				CD0CC6CA2AC957E300E6FDB9 /* AuthResponse.swift */,
			);
			path = Models;
			sourceTree = "<group>";
		};
		BA4AB3652A5A7DD40065E872 /* ViewModels */ = {
			isa = PBXGroup;
			children = (
			);
			path = ViewModels;
			sourceTree = "<group>";
		};
		BA4AB3662A5A7DDC0065E872 /* Managers */ = {
			isa = PBXGroup;
			children = (
				BADAEB562A5A894C00E21274 /* AuthManager.swift */,
				BADAEB582A5A896300E21274 /* APICaller.swift */,
				BADAEB5A2A5A897F00E21274 /* HapticsManager.swift */,
			);
			path = Managers;
			sourceTree = "<group>";
		};
		BA4AB3672A5A7DE40065E872 /* Resources */ = {
			isa = PBXGroup;
			children = (
				CD0CC6C12AC8D8EC00E6FDB9 /* Enum */,
				CD71FB132AC7DE100059D625 /* API */,
				BAD41AC52A6A63D70008BAED /* Extensions */,
				BA4AB34E2A5A7D260065E872 /* AppDelegate.swift */,
				BA4AB3502A5A7D260065E872 /* SceneDelegate.swift */,
				BA4AB3572A5A7D270065E872 /* Assets.xcassets */,
			);
			path = Resources;
			sourceTree = "<group>";
		};
		BAD41AC52A6A63D70008BAED /* Extensions */ = {
			isa = PBXGroup;
			children = (
				CD71FB1D2AC7E54B0059D625 /* Bundle+.swift */,
				BAD41AC32A6A63CC0008BAED /* Extension+UIView.swift */,
			);
			path = Extensions;
			sourceTree = "<group>";
		};
		BADAEB462A5A82C100E21274 /* Core */ = {
			isa = PBXGroup;
			children = (
				BADAEB402A5A81F700E21274 /* TabBarViewController.swift */,
				BA4AB3522A5A7D260065E872 /* HomeViewController.swift */,
				BADAEB422A5A827400E21274 /* SearchViewController.swift */,
				BADAEB442A5A829800E21274 /* LibraryViewController.swift */,
			);
			path = Core;
			sourceTree = "<group>";
		};
		BADAEB472A5A84DE00E21274 /* Other */ = {
			isa = PBXGroup;
			children = (
				BADAEB482A5A84F800E21274 /* AuthViewController.swift */,
				BADAEB4A2A5A851600E21274 /* WelcomeViewController.swift */,
				BADAEB4C2A5A853400E21274 /* SettingsViewController.swift */,
				BADAEB4E2A5A854D00E21274 /* ProfileViewController.swift */,
				BADAEB502A5A856000E21274 /* PlayerViewController.swift */,
				BADAEB522A5A857900E21274 /* PlaylistViewController.swift */,
				BADAEB542A5A859E00E21274 /* SearchResultViewController.swift */,
			);
			path = Other;
			sourceTree = "<group>";
		};
		CD0CC6C12AC8D8EC00E6FDB9 /* Enum */ = {
			isa = PBXGroup;
			children = (
				CD0CC6C22AC8D90100E6FDB9 /* Urls.swift */,
				CD25E5862ACB8829004F4C99 /* HTTPMethods.swift */,
				CD25E5882ACB8BA5004F4C99 /* BodyParameters.swift */,
			);
			path = Enum;
			sourceTree = "<group>";
		};
		CD71FB132AC7DE100059D625 /* API */ = {
			isa = PBXGroup;
			children = (
				CD71FB1F2AC805CF0059D625 /* Protocol */,
				CD71FB142AC7DE530059D625 /* BaseEnvironment.swift */,
				CD71FB232AC80A070059D625 /* DebugEnviroment.swift */,
				CD71FB272AC80E720059D625 /* ProduceEnviroment.swift */,
				CD71FB1B2AC7E1E40059D625 /* APIEnviroments.swift */,
				CD71FB252AC80C2F0059D625 /* APIKeys.swift */,
			);
			path = API;
			sourceTree = "<group>";
		};
		CD71FB1F2AC805CF0059D625 /* Protocol */ = {
			isa = PBXGroup;
			children = (
				CD71FB202AC809640059D625 /* Interface */,
			);
			path = Protocol;
			sourceTree = "<group>";
		};
		CD71FB202AC809640059D625 /* Interface */ = {
			isa = PBXGroup;
			children = (
				CD71FB212AC809870059D625 /* APIKeyable.swift */,
			);
			path = Interface;
			sourceTree = "<group>";
		};
/* End PBXGroup section */

/* Begin PBXNativeTarget section */
		BA4AB34A2A5A7D260065E872 /* Spotify_Kobe */ = {
			isa = PBXNativeTarget;
			buildConfigurationList = BA4AB35F2A5A7D270065E872 /* Build configuration list for PBXNativeTarget "Spotify_Kobe" */;
			buildPhases = (
				BA4AB3472A5A7D260065E872 /* Sources */,
				BA4AB3482A5A7D260065E872 /* Frameworks */,
				BA4AB3492A5A7D260065E872 /* Resources */,
			);
			buildRules = (
			);
			dependencies = (
			);
			name = Spotify_Kobe;
			packageProductDependencies = (
				CD0CC6C72AC8FB9F00E6FDB9 /* SpotifyiOS */,
			);
			productName = Spotify_Kobe;
			productReference = BA4AB34B2A5A7D260065E872 /* Spotify_Kobe.app */;
			productType = "com.apple.product-type.application";
		};
/* End PBXNativeTarget section */

/* Begin PBXProject section */
		BA4AB3432A5A7D260065E872 /* Project object */ = {
			isa = PBXProject;
			attributes = {
				BuildIndependentTargetsInParallel = 1;
				LastSwiftUpdateCheck = 1430;
				LastUpgradeCheck = 1430;
				TargetAttributes = {
					BA4AB34A2A5A7D260065E872 = {
						CreatedOnToolsVersion = 14.3.1;
					};
				};
			};
			buildConfigurationList = BA4AB3462A5A7D260065E872 /* Build configuration list for PBXProject "Spotify_Kobe" */;
			compatibilityVersion = "Xcode 14.0";
			developmentRegion = en;
			hasScannedForEncodings = 0;
			knownRegions = (
				en,
				Base,
			);
			mainGroup = BA4AB3422A5A7D260065E872;
			packageReferences = (
				CD0CC6C62AC8FB9F00E6FDB9 /* XCRemoteSwiftPackageReference "ios-sdk" */,
			);
			productRefGroup = BA4AB34C2A5A7D260065E872 /* Products */;
			projectDirPath = "";
			projectRoot = "";
			targets = (
				BA4AB34A2A5A7D260065E872 /* Spotify_Kobe */,
			);
		};
/* End PBXProject section */

/* Begin PBXResourcesBuildPhase section */
		BA4AB3492A5A7D260065E872 /* Resources */ = {
			isa = PBXResourcesBuildPhase;
			buildActionMask = 2147483647;
			files = (
				BA4AB35B2A5A7D270065E872 /* LaunchScreen.storyboard in Resources */,
				BA4AB3582A5A7D270065E872 /* Assets.xcassets in Resources */,
				CD71FB172AC7DFDE0059D625 /* PROD-API-TOKEN.plist in Resources */,
				CD71FB192AC7DFFB0059D625 /* DEBUG-API-TOKEN.plist in Resources */,
			);
			runOnlyForDeploymentPostprocessing = 0;
		};
/* End PBXResourcesBuildPhase section */

/* Begin PBXSourcesBuildPhase section */
		BA4AB3472A5A7D260065E872 /* Sources */ = {
			isa = PBXSourcesBuildPhase;
			buildActionMask = 2147483647;
			files = (
				BADAEB432A5A827400E21274 /* SearchViewController.swift in Sources */,
				CD71FB262AC80C2F0059D625 /* APIKeys.swift in Sources */,
				BADAEB5D2A5A8B4F00E21274 /* Playlist.swift in Sources */,
				CD71FB242AC80A070059D625 /* DebugEnviroment.swift in Sources */,
				BADAEB572A5A894C00E21274 /* AuthManager.swift in Sources */,
				CD0CC6C32AC8D90100E6FDB9 /* Urls.swift in Sources */,
				BADAEB4B2A5A851600E21274 /* WelcomeViewController.swift in Sources */,
				BADAEB4F2A5A854D00E21274 /* ProfileViewController.swift in Sources */,
				BADAEB412A5A81F700E21274 /* TabBarViewController.swift in Sources */,
				BA4AB3532A5A7D260065E872 /* HomeViewController.swift in Sources */,
				BADAEB5B2A5A897F00E21274 /* HapticsManager.swift in Sources */,
				BADAEB5F2A5A8B6900E21274 /* AudioTrack.swift in Sources */,
				BADAEB492A5A84F800E21274 /* AuthViewController.swift in Sources */,
				BA4AB34F2A5A7D260065E872 /* AppDelegate.swift in Sources */,
				BADAEB452A5A829800E21274 /* LibraryViewController.swift in Sources */,
				BADAEB632A5A8B9600E21274 /* UserProfile.swift in Sources */,
				CD71FB282AC80E720059D625 /* ProduceEnviroment.swift in Sources */,
				CD25E5892ACB8BA5004F4C99 /* BodyParameters.swift in Sources */,
				BAD41AC42A6A63CC0008BAED /* Extension+UIView.swift in Sources */,
				CD71FB1C2AC7E1E40059D625 /* APIEnviroments.swift in Sources */,
				BADAEB532A5A857900E21274 /* PlaylistViewController.swift in Sources */,
				BADAEB612A5A8B8000E21274 /* Artist.swift in Sources */,
				BA4AB3512A5A7D260065E872 /* SceneDelegate.swift in Sources */,
				BADAEB512A5A856000E21274 /* PlayerViewController.swift in Sources */,
				CD71FB222AC809870059D625 /* APIKeyable.swift in Sources */,
				CD71FB152AC7DE530059D625 /* BaseEnvironment.swift in Sources */,
				CD25E5872ACB8829004F4C99 /* HTTPMethods.swift in Sources */,
				BADAEB552A5A859E00E21274 /* SearchResultViewController.swift in Sources */,
				CD71FB1E2AC7E54B0059D625 /* Bundle+.swift in Sources */,
				BADAEB592A5A896300E21274 /* APICaller.swift in Sources */,
				CD0CC6CB2AC957E300E6FDB9 /* AuthResponse.swift in Sources */,
				BADAEB4D2A5A853400E21274 /* SettingsViewController.swift in Sources */,
			);
			runOnlyForDeploymentPostprocessing = 0;
		};
/* End PBXSourcesBuildPhase section */

/* Begin PBXVariantGroup section */
		BA4AB3592A5A7D270065E872 /* LaunchScreen.storyboard */ = {
			isa = PBXVariantGroup;
			children = (
				BA4AB35A2A5A7D270065E872 /* Base */,
			);
			name = LaunchScreen.storyboard;
			sourceTree = "<group>";
		};
/* End PBXVariantGroup section */

/* Begin XCBuildConfiguration section */
		BA4AB35D2A5A7D270065E872 /* Debug */ = {
			isa = XCBuildConfiguration;
			buildSettings = {
				ALWAYS_SEARCH_USER_PATHS = NO;
				CLANG_ANALYZER_NONNULL = YES;
				CLANG_ANALYZER_NUMBER_OBJECT_CONVERSION = YES_AGGRESSIVE;
				CLANG_CXX_LANGUAGE_STANDARD = "gnu++20";
				CLANG_ENABLE_MODULES = YES;
				CLANG_ENABLE_OBJC_ARC = YES;
				CLANG_ENABLE_OBJC_WEAK = YES;
				CLANG_WARN_BLOCK_CAPTURE_AUTORELEASING = YES;
				CLANG_WARN_BOOL_CONVERSION = YES;
				CLANG_WARN_COMMA = YES;
				CLANG_WARN_CONSTANT_CONVERSION = YES;
				CLANG_WARN_DEPRECATED_OBJC_IMPLEMENTATIONS = YES;
				CLANG_WARN_DIRECT_OBJC_ISA_USAGE = YES_ERROR;
				CLANG_WARN_DOCUMENTATION_COMMENTS = YES;
				CLANG_WARN_EMPTY_BODY = YES;
				CLANG_WARN_ENUM_CONVERSION = YES;
				CLANG_WARN_INFINITE_RECURSION = YES;
				CLANG_WARN_INT_CONVERSION = YES;
				CLANG_WARN_NON_LITERAL_NULL_CONVERSION = YES;
				CLANG_WARN_OBJC_IMPLICIT_RETAIN_SELF = YES;
				CLANG_WARN_OBJC_LITERAL_CONVERSION = YES;
				CLANG_WARN_OBJC_ROOT_CLASS = YES_ERROR;
				CLANG_WARN_QUOTED_INCLUDE_IN_FRAMEWORK_HEADER = YES;
				CLANG_WARN_RANGE_LOOP_ANALYSIS = YES;
				CLANG_WARN_STRICT_PROTOTYPES = YES;
				CLANG_WARN_SUSPICIOUS_MOVE = YES;
				CLANG_WARN_UNGUARDED_AVAILABILITY = YES_AGGRESSIVE;
				CLANG_WARN_UNREACHABLE_CODE = YES;
				CLANG_WARN__DUPLICATE_METHOD_MATCH = YES;
				COPY_PHASE_STRIP = NO;
				DEBUG_INFORMATION_FORMAT = dwarf;
				ENABLE_STRICT_OBJC_MSGSEND = YES;
				ENABLE_TESTABILITY = YES;
				GCC_C_LANGUAGE_STANDARD = gnu11;
				GCC_DYNAMIC_NO_PIC = NO;
				GCC_NO_COMMON_BLOCKS = YES;
				GCC_OPTIMIZATION_LEVEL = 0;
				GCC_PREPROCESSOR_DEFINITIONS = (
					"DEBUG=1",
					"$(inherited)",
				);
				GCC_WARN_64_TO_32_BIT_CONVERSION = YES;
				GCC_WARN_ABOUT_RETURN_TYPE = YES_ERROR;
				GCC_WARN_UNDECLARED_SELECTOR = YES;
				GCC_WARN_UNINITIALIZED_AUTOS = YES_AGGRESSIVE;
				GCC_WARN_UNUSED_FUNCTION = YES;
				GCC_WARN_UNUSED_VARIABLE = YES;
				IPHONEOS_DEPLOYMENT_TARGET = 16.4;
				MTL_ENABLE_DEBUG_INFO = INCLUDE_SOURCE;
				MTL_FAST_MATH = YES;
				ONLY_ACTIVE_ARCH = YES;
				SDKROOT = iphoneos;
				SWIFT_ACTIVE_COMPILATION_CONDITIONS = DEBUG;
				SWIFT_OPTIMIZATION_LEVEL = "-Onone";
			};
			name = Debug;
		};
		BA4AB35E2A5A7D270065E872 /* Release */ = {
			isa = XCBuildConfiguration;
			buildSettings = {
				ALWAYS_SEARCH_USER_PATHS = NO;
				CLANG_ANALYZER_NONNULL = YES;
				CLANG_ANALYZER_NUMBER_OBJECT_CONVERSION = YES_AGGRESSIVE;
				CLANG_CXX_LANGUAGE_STANDARD = "gnu++20";
				CLANG_ENABLE_MODULES = YES;
				CLANG_ENABLE_OBJC_ARC = YES;
				CLANG_ENABLE_OBJC_WEAK = YES;
				CLANG_WARN_BLOCK_CAPTURE_AUTORELEASING = YES;
				CLANG_WARN_BOOL_CONVERSION = YES;
				CLANG_WARN_COMMA = YES;
				CLANG_WARN_CONSTANT_CONVERSION = YES;
				CLANG_WARN_DEPRECATED_OBJC_IMPLEMENTATIONS = YES;
				CLANG_WARN_DIRECT_OBJC_ISA_USAGE = YES_ERROR;
				CLANG_WARN_DOCUMENTATION_COMMENTS = YES;
				CLANG_WARN_EMPTY_BODY = YES;
				CLANG_WARN_ENUM_CONVERSION = YES;
				CLANG_WARN_INFINITE_RECURSION = YES;
				CLANG_WARN_INT_CONVERSION = YES;
				CLANG_WARN_NON_LITERAL_NULL_CONVERSION = YES;
				CLANG_WARN_OBJC_IMPLICIT_RETAIN_SELF = YES;
				CLANG_WARN_OBJC_LITERAL_CONVERSION = YES;
				CLANG_WARN_OBJC_ROOT_CLASS = YES_ERROR;
				CLANG_WARN_QUOTED_INCLUDE_IN_FRAMEWORK_HEADER = YES;
				CLANG_WARN_RANGE_LOOP_ANALYSIS = YES;
				CLANG_WARN_STRICT_PROTOTYPES = YES;
				CLANG_WARN_SUSPICIOUS_MOVE = YES;
				CLANG_WARN_UNGUARDED_AVAILABILITY = YES_AGGRESSIVE;
				CLANG_WARN_UNREACHABLE_CODE = YES;
				CLANG_WARN__DUPLICATE_METHOD_MATCH = YES;
				COPY_PHASE_STRIP = NO;
				DEBUG_INFORMATION_FORMAT = "dwarf-with-dsym";
				ENABLE_NS_ASSERTIONS = NO;
				ENABLE_STRICT_OBJC_MSGSEND = YES;
				GCC_C_LANGUAGE_STANDARD = gnu11;
				GCC_NO_COMMON_BLOCKS = YES;
				GCC_WARN_64_TO_32_BIT_CONVERSION = YES;
				GCC_WARN_ABOUT_RETURN_TYPE = YES_ERROR;
				GCC_WARN_UNDECLARED_SELECTOR = YES;
				GCC_WARN_UNINITIALIZED_AUTOS = YES_AGGRESSIVE;
				GCC_WARN_UNUSED_FUNCTION = YES;
				GCC_WARN_UNUSED_VARIABLE = YES;
				IPHONEOS_DEPLOYMENT_TARGET = 16.4;
				MTL_ENABLE_DEBUG_INFO = NO;
				MTL_FAST_MATH = YES;
				SDKROOT = iphoneos;
				SWIFT_COMPILATION_MODE = wholemodule;
				SWIFT_OPTIMIZATION_LEVEL = "-O";
				VALIDATE_PRODUCT = YES;
			};
			name = Release;
		};
		BA4AB3602A5A7D270065E872 /* Debug */ = {
			isa = XCBuildConfiguration;
			buildSettings = {
				ASSETCATALOG_COMPILER_APPICON_NAME = AppIcon;
				ASSETCATALOG_COMPILER_GLOBAL_ACCENT_COLOR_NAME = AccentColor;
				CODE_SIGN_IDENTITY = "Apple Development";
				CODE_SIGN_STYLE = Automatic;
				CURRENT_PROJECT_VERSION = 1;
				DEVELOPMENT_TEAM = 64WAG22Y2J;
				GENERATE_INFOPLIST_FILE = YES;
				INFOPLIST_FILE = Spotify_Kobe/Info.plist;
				INFOPLIST_KEY_UIApplicationSupportsIndirectInputEvents = YES;
				INFOPLIST_KEY_UILaunchStoryboardName = LaunchScreen;
				INFOPLIST_KEY_UISupportedInterfaceOrientations_iPad = "UIInterfaceOrientationPortrait UIInterfaceOrientationPortraitUpsideDown UIInterfaceOrientationLandscapeLeft UIInterfaceOrientationLandscapeRight";
				INFOPLIST_KEY_UISupportedInterfaceOrientations_iPhone = "UIInterfaceOrientationPortrait UIInterfaceOrientationLandscapeLeft UIInterfaceOrientationLandscapeRight";
				IPHONEOS_DEPLOYMENT_TARGET = 14.4;
				LD_RUNPATH_SEARCH_PATHS = (
					"$(inherited)",
					"@executable_path/Frameworks",
				);
				MARKETING_VERSION = 1.0;
				OTHER_LDFLAGS = "";
				PRODUCT_BUNDLE_IDENTIFIER = "MSKang.Spotify-Kobe";
				PRODUCT_NAME = "$(TARGET_NAME)";
				PROVISIONING_PROFILE_SPECIFIER = "";
				SWIFT_EMIT_LOC_STRINGS = YES;
				SWIFT_OBJC_BRIDGING_HEADER = "";
				SWIFT_VERSION = 5.0;
				TARGETED_DEVICE_FAMILY = "1,2";
			};
			name = Debug;
		};
		BA4AB3612A5A7D270065E872 /* Release */ = {
			isa = XCBuildConfiguration;
			buildSettings = {
				ASSETCATALOG_COMPILER_APPICON_NAME = AppIcon;
				ASSETCATALOG_COMPILER_GLOBAL_ACCENT_COLOR_NAME = AccentColor;
				CODE_SIGN_IDENTITY = "Apple Development";
				CODE_SIGN_STYLE = Automatic;
				CURRENT_PROJECT_VERSION = 1;
				DEVELOPMENT_TEAM = 64WAG22Y2J;
				GENERATE_INFOPLIST_FILE = YES;
				INFOPLIST_FILE = Spotify_Kobe/Info.plist;
				INFOPLIST_KEY_UIApplicationSupportsIndirectInputEvents = YES;
				INFOPLIST_KEY_UILaunchStoryboardName = LaunchScreen;
				INFOPLIST_KEY_UISupportedInterfaceOrientations_iPad = "UIInterfaceOrientationPortrait UIInterfaceOrientationPortraitUpsideDown UIInterfaceOrientationLandscapeLeft UIInterfaceOrientationLandscapeRight";
				INFOPLIST_KEY_UISupportedInterfaceOrientations_iPhone = "UIInterfaceOrientationPortrait UIInterfaceOrientationLandscapeLeft UIInterfaceOrientationLandscapeRight";
				IPHONEOS_DEPLOYMENT_TARGET = 14.4;
				LD_RUNPATH_SEARCH_PATHS = (
					"$(inherited)",
					"@executable_path/Frameworks",
				);
				MARKETING_VERSION = 1.0;
				OTHER_LDFLAGS = "";
				PRODUCT_BUNDLE_IDENTIFIER = "MSKang.Spotify-Kobe";
				PRODUCT_NAME = "$(TARGET_NAME)";
				PROVISIONING_PROFILE_SPECIFIER = "";
				SWIFT_EMIT_LOC_STRINGS = YES;
				SWIFT_OBJC_BRIDGING_HEADER = "";
				SWIFT_VERSION = 5.0;
				TARGETED_DEVICE_FAMILY = "1,2";
			};
			name = Release;
		};
/* End XCBuildConfiguration section */

/* Begin XCConfigurationList section */
		BA4AB3462A5A7D260065E872 /* Build configuration list for PBXProject "Spotify_Kobe" */ = {
			isa = XCConfigurationList;
			buildConfigurations = (
				BA4AB35D2A5A7D270065E872 /* Debug */,
				BA4AB35E2A5A7D270065E872 /* Release */,
			);
			defaultConfigurationIsVisible = 0;
			defaultConfigurationName = Release;
		};
		BA4AB35F2A5A7D270065E872 /* Build configuration list for PBXNativeTarget "Spotify_Kobe" */ = {
			isa = XCConfigurationList;
			buildConfigurations = (
				BA4AB3602A5A7D270065E872 /* Debug */,
				BA4AB3612A5A7D270065E872 /* Release */,
			);
			defaultConfigurationIsVisible = 0;
			defaultConfigurationName = Release;
		};
/* End XCConfigurationList section */

/* Begin XCRemoteSwiftPackageReference section */
		CD0CC6C62AC8FB9F00E6FDB9 /* XCRemoteSwiftPackageReference "ios-sdk" */ = {
			isa = XCRemoteSwiftPackageReference;
			repositoryURL = "https://github.com/spotify/ios-sdk";
			requirement = {
				kind = upToNextMajorVersion;
				minimumVersion = 1.0.0;
			};
		};
/* End XCRemoteSwiftPackageReference section */

/* Begin XCSwiftPackageProductDependency section */
		CD0CC6C72AC8FB9F00E6FDB9 /* SpotifyiOS */ = {
			isa = XCSwiftPackageProductDependency;
			package = CD0CC6C62AC8FB9F00E6FDB9 /* XCRemoteSwiftPackageReference "ios-sdk" */;
			productName = SpotifyiOS;
		};
/* End XCSwiftPackageProductDependency section */
	};
	rootObject = BA4AB3432A5A7D260065E872 /* Project object */;
}
